
Microsoft Visual Studio Solution File, Format Version 12.00
# Visual Studio 2012
Project("{FAE04EC0-301F-11D3-BF4B-00C04F79EFBC}") = "SisBanco", "SisBanco\SisBanco.csproj", "{E7F01839-6BAF-4206-905C-03420113BFF7}"
EndProject
Global
	GlobalSection(SolutionConfigurationPlatforms) = preSolution
		Debug|Any CPU = Debug|Any CPU
		Release|Any CPU = Release|Any CPU
	EndGlobalSection
	GlobalSection(ProjectConfigurationPlatforms) = postSolution
		{E7F01839-6BAF-4206-905C-03420113BFF7}.Debug|Any CPU.ActiveCfg = Debug|Any CPU
		{E7F01839-6BAF-4206-905C-03420113BFF7}.Debug|Any CPU.Build.0 = Debug|Any CPU
		{E7F01839-6BAF-4206-905C-03420113BFF7}.Release|Any CPU.ActiveCfg = Release|Any CPU
		{E7F01839-6BAF-4206-905C-03420113BFF7}.Release|Any CPU.Build.0 = Release|Any CPU
	EndGlobalSection
	GlobalSection(SolutionProperties) = preSolution
		HideSolutionNode = FALSE
	EndGlobalSection
EndGlobal
